
Microsoft Visual Studio Solution File, Format Version 12.00
# Visual Studio Version 17
VisualStudioVersion = 17.5.33530.505
MinimumVisualStudioVersion = 10.0.40219.1
Project("{FAE04EC0-301F-11D3-BF4B-00C04F79EFBC}") = "ARSoftware.Contpaqi.Api.Common", "src\ARSoftware.Contpaqi.Api.Common\ARSoftware.Contpaqi.Api.Common.csproj", "{4667194F-BFBC-41DD-AB19-BABE84EE0450}"
EndProject
Global
	GlobalSection(SolutionConfigurationPlatforms) = preSolution
		Debug|Any CPU = Debug|Any CPU
		Release|Any CPU = Release|Any CPU
	EndGlobalSection
	GlobalSection(ProjectConfigurationPlatforms) = postSolution
		{4667194F-BFBC-41DD-AB19-BABE84EE0450}.Debug|Any CPU.ActiveCfg = Debug|Any CPU
		{4667194F-BFBC-41DD-AB19-BABE84EE0450}.Debug|Any CPU.Build.0 = Debug|Any CPU
		{4667194F-BFBC-41DD-AB19-BABE84EE0450}.Release|Any CPU.ActiveCfg = Release|Any CPU
		{4667194F-BFBC-41DD-AB19-BABE84EE0450}.Release|Any CPU.Build.0 = Release|Any CPU
	EndGlobalSection
	GlobalSection(SolutionProperties) = preSolution
		HideSolutionNode = FALSE
	EndGlobalSection
	GlobalSection(ExtensibilityGlobals) = postSolution
		SolutionGuid = {7CF4284E-B5B2-45C3-9114-8880C9150F7E}
	EndGlobalSection
EndGlobal
